lockfileVersion: '9.0'

settings:
  autoInstallPeers: true
  excludeLinksFromLockfile: false

importers:

  .:
    dependencies:
      yaml:
        specifier: ^2.8.2
        version: 2.8.2
    devDependencies:
      '@types/node':
        specifier: ^22.0.0
        version: 22.19.7
      oxlint:
        specifier: ^0.15.0
        version: 0.15.15
      typescript:
        specifier: ^5.7.0
        version: 5.9.3

packages:

  '@oxlint/darwin-arm64@0.15.15':
    resolution: {integrity: sha512-7GOyGM6D36lUhsOvavAVpF72SycPVG0Enunx0bzv8g0+9TklzOSFN3FJlZjLst14VPdZWujZMLgkQC7tOp+Rwg==}
    cpu: [arm64]
    os: [darwin]

  '@oxlint/darwin-x64@0.15.15':
    resolution: {integrity: sha512-pbrnYFwMn/fuX0z3IeQ05Nvo/b1zGxjmmWgkrQSDwYHxBxP6NT41hk1pmqkcA+v53xk9wvOa/6vBBI/U30F8Ow==}
    cpu: [x64]
    os: [darwin]

  '@oxlint/linux-arm64-gnu@0.15.15':
    resolution: {integrity: sha512-QWjG3YVsDlIvDTBUPmtPiyqP34ZQpFJqQh2JO94pBih11lFxQ0IGVMEXDhmW3WdiSFPZSJsZGzWynalM9eg+RA==}
    cpu: [arm64]
    os: [linux]

  '@oxlint/linux-arm64-musl@0.15.15':
    resolution: {integrity: sha512-4W0YsmMSbNzzExOWhk+6zNfmJEmKFqSjFIn8CKLtYFvH8kF6KjoW4/0HNsDNYW5Fz+KOut/2JgkvxAiKH+r0zA==}
    cpu: [arm64]
    os: [linux]

  '@oxlint/linux-x64-gnu@0.15.15':
    resolution: {integrity: sha512-agP3e+eQ6tE5tqN6VI4Uukx2yvjwYFjtrDMcB19J7PmGOaFRwuMuT0sNWK/9guvhuS9aCINNZTi3kEhMy9Qgng==}
    cpu: [x64]
    os: [linux]

  '@oxlint/linux-x64-musl@0.15.15':
    resolution: {integrity: sha512-L2qE9NhhUafsJOO4pofLx/0hW5IB0sfJa6bS85q0j+ySaI0f3CxMaAadrZLFSuqHWB3oF18B5yvzaPWsc2ohbQ==}
    cpu: [x64]
    os: [linux]

  '@oxlint/win32-arm64@0.15.15':
    resolution: {integrity: sha512-B7f4VAS/E78n8zy6XZlNeyYOtWTel4BJn/22Ap2yEAlNzO34ot8dGfpLk6MqTUWJrRnARwVBVmc3wRVrsOT5yg==}
    cpu: [arm64]
    os: [win32]

  '@oxlint/win32-x64@0.15.15':
    resolution: {integrity: sha512-ZM9T3/OpaQ3qvrk/VuHO2EQmhNH4cOZdr/b/Ju9VKwBr+ahhqMn3W5srrplWQWxfsb0yd1yBj7iD0jdAps2iLg==}
    cpu: [x64]
    os: [win32]

  '@types/node@22.19.7':
    resolution: {integrity: sha512-MciR4AKGHWl7xwxkBa6xUGxQJ4VBOmPTF7sL+iGzuahOFaO0jHCsuEfS80pan1ef4gWId1oWOweIhrDEYLuaOw==}

  oxlint@0.15.15:
    resolution: {integrity: sha512-oQNc1mAHrrbKiXyKJMGs9VCZfwGfLy7YiQKa4qupi71X/u4xyWqOh36YKXqWOXnmm2y7vfWFpGZlhJPAa9tMqA==}
    engines: {node: '>=8.*'}
    hasBin: true

  typescript@5.9.3:
    resolution: {integrity: sha512-jl1vZzPDinLr9eUt3J/t7V6FgNEw9QjvBPdysz9KfQDD41fQrC2Y4vKQdiaUpFT4bXlb1RHhLpp8wtm6M5TgSw==}
    engines: {node: '>=14.17'}
    hasBin: true

  undici-types@6.21.0:
    resolution: {integrity: sha512-iwDZqg0QAGrg9Rav5H4n0M64c3mkR59cJ6wQp+7C4nI0gsmExaedaYLNO44eT4AtBBwjbTiGPMlt2Md0T9H9JQ==}

  yaml@2.8.2:
    resolution: {integrity: sha512-mplynKqc1C2hTVYxd0PU2xQAc22TI1vShAYGksCCfxbn/dFwnHTNi1bvYsBTkhdUNtGIf5xNOg938rrSSYvS9A==}
    engines: {node: '>= 14.6'}
    hasBin: true

snapshots:

  '@oxlint/darwin-arm64@0.15.15':
    optional: true

  '@oxlint/darwin-x64@0.15.15':
    optional: true

  '@oxlint/linux-arm64-gnu@0.15.15':
    optional: true

  '@oxlint/linux-arm64-musl@0.15.15':
    optional: true

  '@oxlint/linux-x64-gnu@0.15.15':
    optional: true

  '@oxlint/linux-x64-musl@0.15.15':
    optional: true

  '@oxlint/win32-arm64@0.15.15':
    optional: true

  '@oxlint/win32-x64@0.15.15':
    optional: true

  '@types/node@22.19.7':
    dependencies:
      undici-types: 6.21.0

  oxlint@0.15.15:
    optionalDependencies:
      '@oxlint/darwin-arm64': 0.15.15
      '@oxlint/darwin-x64': 0.15.15
      '@oxlint/linux-arm64-gnu': 0.15.15
      '@oxlint/linux-arm64-musl': 0.15.15
      '@oxlint/linux-x64-gnu': 0.15.15
      '@oxlint/linux-x64-musl': 0.15.15
      '@oxlint/win32-arm64': 0.15.15
      '@oxlint/win32-x64': 0.15.15

  typescript@5.9.3: {}

  undici-types@6.21.0: {}

  yaml@2.8.2: {}
